
Microsoft Visual Studio Solution File, Format Version 12.00
# Visual Studio Version 17
VisualStudioVersion = 17.0.32014.148
MinimumVisualStudioVersion = 10.0.40219.1
Project("{FAE04EC0-301F-11D3-BF4B-00C04F79EFBC}") = "MultiDropDownWorld", "MultiDropDownWorld\MultiDropDownWorld.csproj", "{623F83DB-D336-4828-ACEA-B4617B2E896D}"
EndProject
Global
	GlobalSection(SolutionConfigurationPlatforms) = preSolution
		Debug|Any CPU = Debug|Any CPU
		Release|Any CPU = Release|Any CPU
	EndGlobalSection
	GlobalSection(ProjectConfigurationPlatforms) = postSolution
		{623F83DB-D336-4828-ACEA-B4617B2E896D}.Debug|Any CPU.ActiveCfg = Debug|Any CPU
		{623F83DB-D336-4828-ACEA-B4617B2E896D}.Debug|Any CPU.Build.0 = Debug|Any CPU
		{623F83DB-D336-4828-ACEA-B4617B2E896D}.Release|Any CPU.ActiveCfg = Release|Any CPU
		{623F83DB-D336-4828-ACEA-B4617B2E896D}.Release|Any CPU.Build.0 = Release|Any CPU
	EndGlobalSection
	GlobalSection(SolutionProperties) = preSolution
		HideSolutionNode = FALSE
	EndGlobalSection
	GlobalSection(ExtensibilityGlobals) = postSolution
		SolutionGuid = {743BF827-85A4-4D3E-99FE-9282B1B81391}
	EndGlobalSection
EndGlobal
